# This file is automatically @generated by Cargo.
# It is not intended for manual editing.
version = 4

[[package]]
name = "b10x-llm-chat"
version = "0.0.0"

[[package]]
name = "b10x-llm-cli"
version = "0.0.0"

[[package]]
name = "b10x-llm-core"
version = "0.0.0"

[[package]]
name = "b10x-llm-cost"
version = "0.0.0"

[[package]]
name = "b10x-llm-credentials"
version = "0.0.0"

[[package]]
name = "b10x-llm-gateway"
version = "0.0.0"

[[package]]
name = "b10x-llm-http"
version = "0.0.0"

[[package]]
name = "b10x-llm-messages"
version = "0.0.0"

[[package]]
name = "b10x-llm-modal"
version = "0.0.0"

[[package]]
name = "b10x-llm-providers"
version = "0.0.0"

[[package]]
name = "b10x-llm-provision"
version = "0.0.0"

[[package]]
name = "b10x-llm-responses"
version = "0.0.0"

[[package]]
name = "b10x-llm-routing"
version = "0.0.0"

[[package]]
name = "b10x-llm-runpod"
version = "0.0.0"
